
Microsoft Visual Studio Solution File, Format Version 12.00
# Visual Studio 2013
VisualStudioVersion = 12.0.31101.0
MinimumVisualStudioVersion = 10.0.40219.1
Project("{FAE04EC0-301F-11D3-BF4B-00C04F79EFBC}") = "TurboRango.Dominio", "TurboRango.Dominio.csproj", "{39901746-5A7D-4459-8309-060F5B6C6549}"
EndProject
Project("{FAE04EC0-301F-11D3-BF4B-00C04F79EFBC}") = "TurboRango.ImportadorXML", "..\ImportadorXML\TurboRango.ImportadorXML.csproj", "{C5F7666D-4302-482C-9D52-E03ADF8E397E}"
EndProject
Project("{FAE04EC0-301F-11D3-BF4B-00C04F79EFBC}") = "TurboRango.Web", "..\TurboRango.Web\TurboRango.Web.csproj", "{40ADA657-8D5A-4D2E-853A-4A6E34480990}"
EndProject
Global
	GlobalSection(SolutionConfigurationPlatforms) = preSolution
		Debug|Any CPU = Debug|Any CPU
		Release|Any CPU = Release|Any CPU
	EndGlobalSection
	GlobalSection(ProjectConfigurationPlatforms) = postSolution
		{39901746-5A7D-4459-8309-060F5B6C6549}.Debug|Any CPU.ActiveCfg = Debug|Any CPU
		{39901746-5A7D-4459-8309-060F5B6C6549}.Debug|Any CPU.Build.0 = Debug|Any CPU
		{39901746-5A7D-4459-8309-060F5B6C6549}.Release|Any CPU.ActiveCfg = Release|Any CPU
		{39901746-5A7D-4459-8309-060F5B6C6549}.Release|Any CPU.Build.0 = Release|Any CPU
		{C5F7666D-4302-482C-9D52-E03ADF8E397E}.Debug|Any CPU.ActiveCfg = Debug|Any CPU
		{C5F7666D-4302-482C-9D52-E03ADF8E397E}.Debug|Any CPU.Build.0 = Debug|Any CPU
		{C5F7666D-4302-482C-9D52-E03ADF8E397E}.Release|Any CPU.ActiveCfg = Release|Any CPU
		{C5F7666D-4302-482C-9D52-E03ADF8E397E}.Release|Any CPU.Build.0 = Release|Any CPU
		{40ADA657-8D5A-4D2E-853A-4A6E34480990}.Debug|Any CPU.ActiveCfg = Debug|Any CPU
		{40ADA657-8D5A-4D2E-853A-4A6E34480990}.Debug|Any CPU.Build.0 = Debug|Any CPU
		{40ADA657-8D5A-4D2E-853A-4A6E34480990}.Release|Any CPU.ActiveCfg = Release|Any CPU
		{40ADA657-8D5A-4D2E-853A-4A6E34480990}.Release|Any CPU.Build.0 = Release|Any CPU
	EndGlobalSection
	GlobalSection(SolutionProperties) = preSolution
		HideSolutionNode = FALSE
	EndGlobalSection
EndGlobal
